<Solution>
  <Folder Name="/src/">
    <Project Path="src/VoxTether.Core/VoxTether.Core.csproj" />
    <Project Path="src/VoxTether.Infrastructure/VoxTether.Infrastructure.csproj" />
    <Project Path="src/VoxTether.Transcription/VoxTether.Transcription.csproj" />
    <Project Path="src/VoxTether/VoxTether.csproj" />
  </Folder>
  <Folder Name="/tests/">
    <Project Path="tests/VoxTether.Core.Tests/VoxTether.Core.Tests.csproj" />
  </Folder>
</Solution>
